// !$*UTF8*$!
{
	archiveVersion = 1;
	classes = {
	};
	objectVersion = 56;
	objects = {

/* Begin PBXBuildFile section */
		E12334A12AFBC266000D0535 /* AppDelegate.swift in Sources */ = {isa = PBXBuildFile; fileRef = E12334A02AFBC266000D0535 /* AppDelegate.swift */; };
		E12334A32AFBC266000D0535 /* SceneDelegate.swift in Sources */ = {isa = PBXBuildFile; fileRef = E12334A22AFBC266000D0535 /* SceneDelegate.swift */; };
		E12334A52AFBC266000D0535 /* ViewController.swift in Sources */ = {isa = PBXBuildFile; fileRef = E12334A42AFBC266000D0535 /* ViewController.swift */; };
		E12334A82AFBC266000D0535 /* Main.storyboard in Resources */ = {isa = PBXBuildFile; fileRef = E12334A62AFBC266000D0535 /* Main.storyboard */; };
		E12334AA2AFBC268000D0535 /* Assets.xcassets in Resources */ = {isa = PBXBuildFile; fileRef = E12334A92AFBC268000D0535 /* Assets.xcassets */; };
		E12334AD2AFBC268000D0535 /* LaunchScreen.storyboard in Resources */ = {isa = PBXBuildFile; fileRef = E12334AB2AFBC268000D0535 /* LaunchScreen.storyboard */; };
		E12334BA2AFBED1C000D0535 /* MessageTableViewCell.swift in Sources */ = {isa = PBXBuildFile; fileRef = E12334B82AFBED1C000D0535 /* MessageTableViewCell.swift */; };
		E12334BB2AFBED1C000D0535 /* MessageTableViewCell.xib in Resources */ = {isa = PBXBuildFile; fileRef = E12334B92AFBED1C000D0535 /* MessageTableViewCell.xib */; };
		E12334C02AFBEF9B000D0535 /* StoryModel.swift in Sources */ = {isa = PBXBuildFile; fileRef = E12334BF2AFBEF9B000D0535 /* StoryModel.swift */; };
		E12334C22AFBEFAC000D0535 /* ChatModel.swift in Sources */ = {isa = PBXBuildFile; fileRef = E12334C12AFBEFAC000D0535 /* ChatModel.swift */; };
		E12334C52AFC0CA9000D0535 /* StoryCollectionViewCell.swift in Sources */ = {isa = PBXBuildFile; fileRef = E12334C32AFC0CA9000D0535 /* StoryCollectionViewCell.swift */; };
		E12334C62AFC0CA9000D0535 /* StoryCollectionViewCell.xib in Resources */ = {isa = PBXBuildFile; fileRef = E12334C42AFC0CA9000D0535 /* StoryCollectionViewCell.xib */; };
		E162EC8B2AFD0304007CFC44 /* ChatViewController.swift in Sources */ = {isa = PBXBuildFile; fileRef = E162EC8A2AFD0304007CFC44 /* ChatViewController.swift */; };
		E162EC8E2AFD12E7007CFC44 /* ChatTableViewCell.swift in Sources */ = {isa = PBXBuildFile; fileRef = E162EC8C2AFD12E7007CFC44 /* ChatTableViewCell.swift */; };
		E162EC8F2AFD12E7007CFC44 /* ChatTableViewCell.xib in Resources */ = {isa = PBXBuildFile; fileRef = E162EC8D2AFD12E7007CFC44 /* ChatTableViewCell.xib */; };
		E162EC912AFD14C4007CFC44 /* MessageModel.swift in Sources */ = {isa = PBXBuildFile; fileRef = E162EC902AFD14C4007CFC44 /* MessageModel.swift */; };
		E1780F152B0422AB00180CA1 /* GoogleService-Info.plist in Resources */ = {isa = PBXBuildFile; fileRef = E1780F142B0422AB00180CA1 /* GoogleService-Info.plist */; };
		E1780F182B04233B00180CA1 /* FirebaseAnalytics in Frameworks */ = {isa = PBXBuildFile; productRef = E1780F172B04233B00180CA1 /* FirebaseAnalytics */; };
		E1780F1A2B04233B00180CA1 /* FirebaseAnalyticsOnDeviceConversion in Frameworks */ = {isa = PBXBuildFile; productRef = E1780F192B04233B00180CA1 /* FirebaseAnalyticsOnDeviceConversion */; };
		E1780F1C2B04233B00180CA1 /* FirebaseAnalyticsSwift in Frameworks */ = {isa = PBXBuildFile; productRef = E1780F1B2B04233B00180CA1 /* FirebaseAnalyticsSwift */; };
		E1780F1E2B04233B00180CA1 /* FirebaseAnalyticsWithoutAdIdSupport in Frameworks */ = {isa = PBXBuildFile; productRef = E1780F1D2B04233B00180CA1 /* FirebaseAnalyticsWithoutAdIdSupport */; };
		E1780F202B04233B00180CA1 /* FirebaseAppCheck in Frameworks */ = {isa = PBXBuildFile; productRef = E1780F1F2B04233B00180CA1 /* FirebaseAppCheck */; };
		E1A875772AFC7199007E3449 /* LoginStoryboard.storyboard in Resources */ = {isa = PBXBuildFile; fileRef = E1A875762AFC7199007E3449 /* LoginStoryboard.storyboard */; };
		E1A875792AFC71AE007E3449 /* LoginViewController.swift in Sources */ = {isa = PBXBuildFile; fileRef = E1A875782AFC71AE007E3449 /* LoginViewController.swift */; };
		E1A8757B2AFCFA43007E3449 /* SigninViewController.swift in Sources */ = {isa = PBXBuildFile; fileRef = E1A8757A2AFCFA43007E3449 /* SigninViewController.swift */; };
		E1A8757E2AFCFC77007E3449 /* Data.swift in Sources */ = {isa = PBXBuildFile; fileRef = E1A8757D2AFCFC77007E3449 /* Data.swift */; };
		E1A875802AFCFFF2007E3449 /* ChatStoryboard.storyboard in Resources */ = {isa = PBXBuildFile; fileRef = E1A8757F2AFCFFF2007E3449 /* ChatStoryboard.storyboard */; };
		E1D71EA62B04278F00D3E762 /* SlideCollectionViewCell.swift in Sources */ = {isa = PBXBuildFile; fileRef = E1D71EA42B04278F00D3E762 /* SlideCollectionViewCell.swift */; };
		E1D71EA72B04278F00D3E762 /* SlideCollectionViewCell.xib in Resources */ = {isa = PBXBuildFile; fileRef = E1D71EA52B04278F00D3E762 /* SlideCollectionViewCell.xib */; };
/* End PBXBuildFile section */

/* Begin PBXFileReference section */
		E123349D2AFBC266000D0535 /* Messenger.app */ = {isa = PBXFileReference; explicitFileType = wrapper.application; includeInIndex = 0; path = Messenger.app; sourceTree = BUILT_PRODUCTS_DIR; };
		E12334A02AFBC266000D0535 /* AppDelegate.swift */ = {isa = PBXFileReference; lastKnownFileType = sourcecode.swift; path = AppDelegate.swift; sourceTree = "<group>"; };
		E12334A22AFBC266000D0535 /* SceneDelegate.swift */ = {isa = PBXFileReference; lastKnownFileType = sourcecode.swift; path = SceneDelegate.swift; sourceTree = "<group>"; };
		E12334A42AFBC266000D0535 /* ViewController.swift */ = {isa = PBXFileReference; lastKnownFileType = sourcecode.swift; path = ViewController.swift; sourceTree = "<group>"; };
		E12334A72AFBC266000D0535 /* Base */ = {isa = PBXFileReference; lastKnownFileType = file.storyboard; name = Base; path = Base.lproj/Main.storyboard; sourceTree = "<group>"; };
		E12334A92AFBC268000D0535 /* Assets.xcassets */ = {isa = PBXFileReference; lastKnownFileType = folder.assetcatalog; path = Assets.xcassets; sourceTree = "<group>"; };
		E12334AC2AFBC268000D0535 /* Base */ = {isa = PBXFileReference; lastKnownFileType = file.storyboard; name = Base; path = Base.lproj/LaunchScreen.storyboard; sourceTree = "<group>"; };
		E12334AE2AFBC268000D0535 /* Info.plist */ = {isa = PBXFileReference; lastKnownFileType = text.plist.xml; path = Info.plist; sourceTree = "<group>"; };
		E12334B82AFBED1C000D0535 /* MessageTableViewCell.swift */ = {isa = PBXFileReference; lastKnownFileType = sourcecode.swift; path = MessageTableViewCell.swift; sourceTree = "<group>"; };
		E12334B92AFBED1C000D0535 /* MessageTableViewCell.xib */ = {isa = PBXFileReference; lastKnownFileType = file.xib; path = MessageTableViewCell.xib; sourceTree = "<group>"; };
		E12334BF2AFBEF9B000D0535 /* StoryModel.swift */ = {isa = PBXFileReference; lastKnownFileType = sourcecode.swift; path = StoryModel.swift; sourceTree = "<group>"; };
		E12334C12AFBEFAC000D0535 /* ChatModel.swift */ = {isa = PBXFileReference; lastKnownFileType = sourcecode.swift; path = ChatModel.swift; sourceTree = "<group>"; };
		E12334C32AFC0CA9000D0535 /* StoryCollectionViewCell.swift */ = {isa = PBXFileReference; lastKnownFileType = sourcecode.swift; path = StoryCollectionViewCell.swift; sourceTree = "<group>"; };
		E12334C42AFC0CA9000D0535 /* StoryCollectionViewCell.xib */ = {isa = PBXFileReference; lastKnownFileType = file.xib; path = StoryCollectionViewCell.xib; sourceTree = "<group>"; };
		E162EC8A2AFD0304007CFC44 /* ChatViewController.swift */ = {isa = PBXFileReference; lastKnownFileType = sourcecode.swift; path = ChatViewController.swift; sourceTree = "<group>"; };
		E162EC8C2AFD12E7007CFC44 /* ChatTableViewCell.swift */ = {isa = PBXFileReference; lastKnownFileType = sourcecode.swift; path = ChatTableViewCell.swift; sourceTree = "<group>"; };
		E162EC8D2AFD12E7007CFC44 /* ChatTableViewCell.xib */ = {isa = PBXFileReference; lastKnownFileType = file.xib; path = ChatTableViewCell.xib; sourceTree = "<group>"; };
		E162EC902AFD14C4007CFC44 /* MessageModel.swift */ = {isa = PBXFileReference; lastKnownFileType = sourcecode.swift; path = MessageModel.swift; sourceTree = "<group>"; };
		E1780F142B0422AB00180CA1 /* GoogleService-Info.plist */ = {isa = PBXFileReference; fileEncoding = 4; lastKnownFileType = text.plist.xml; name = "GoogleService-Info.plist"; path = "../../../../.Trash/GoogleService-Info.plist"; sourceTree = "<group>"; };
		E1A875762AFC7199007E3449 /* LoginStoryboard.storyboard */ = {isa = PBXFileReference; lastKnownFileType = file.storyboard; path = LoginStoryboard.storyboard; sourceTree = "<group>"; };
		E1A875782AFC71AE007E3449 /* LoginViewController.swift */ = {isa = PBXFileReference; lastKnownFileType = sourcecode.swift; path = LoginViewController.swift; sourceTree = "<group>"; };
		E1A8757A2AFCFA43007E3449 /* SigninViewController.swift */ = {isa = PBXFileReference; lastKnownFileType = sourcecode.swift; path = SigninViewController.swift; sourceTree = "<group>"; };
		E1A8757D2AFCFC77007E3449 /* Data.swift */ = {isa = PBXFileReference; lastKnownFileType = sourcecode.swift; path = Data.swift; sourceTree = "<group>"; };
		E1A8757F2AFCFFF2007E3449 /* ChatStoryboard.storyboard */ = {isa = PBXFileReference; lastKnownFileType = file.storyboard; path = ChatStoryboard.storyboard; sourceTree = "<group>"; };
		E1D71EA42B04278F00D3E762 /* SlideCollectionViewCell.swift */ = {isa = PBXFileReference; lastKnownFileType = sourcecode.swift; path = SlideCollectionViewCell.swift; sourceTree = "<group>"; };
		E1D71EA52B04278F00D3E762 /* SlideCollectionViewCell.xib */ = {isa = PBXFileReference; lastKnownFileType = file.xib; path = SlideCollectionViewCell.xib; sourceTree = "<group>"; };
/* End PBXFileReference section */

/* Begin PBXFrameworksBuildPhase section */
		E123349A2AFBC266000D0535 /* Frameworks */ = {
			isa = PBXFrameworksBuildPhase;
			buildActionMask = 2147483647;
			files = (
				E1780F1C2B04233B00180CA1 /* FirebaseAnalyticsSwift in Frameworks */,
				E1780F182B04233B00180CA1 /* FirebaseAnalytics in Frameworks */,
				E1780F1A2B04233B00180CA1 /* FirebaseAnalyticsOnDeviceConversion in Frameworks */,
				E1780F202B04233B00180CA1 /* FirebaseAppCheck in Frameworks */,
				E1780F1E2B04233B00180CA1 /* FirebaseAnalyticsWithoutAdIdSupport in Frameworks */,
			);
			runOnlyForDeploymentPostprocessing = 0;
		};
/* End PBXFrameworksBuildPhase section */

/* Begin PBXGroup section */
		E11C41212AFC17FF002E7FF8 /* View */ = {
			isa = PBXGroup;
			children = (
				E12334BC2AFBED28000D0535 /* Cells */,
				E1D71EA32B04276800D3E762 /* Slide */,
				E1D71EA22B04272400D3E762 /* Chat */,
				E1D71EA12B04271700D3E762 /* Login */,
				E12334A62AFBC266000D0535 /* Main.storyboard */,
			);
			path = View;
			sourceTree = "<group>";
		};
		E12334942AFBC266000D0535 = {
			isa = PBXGroup;
			children = (
				E123349F2AFBC266000D0535 /* Messenger */,
				E123349E2AFBC266000D0535 /* Products */,
			);
			sourceTree = "<group>";
		};
		E123349E2AFBC266000D0535 /* Products */ = {
			isa = PBXGroup;
			children = (
				E123349D2AFBC266000D0535 /* Messenger.app */,
			);
			name = Products;
			sourceTree = "<group>";
		};
		E123349F2AFBC266000D0535 /* Messenger */ = {
			isa = PBXGroup;
			children = (
				E12334BD2AFBED71000D0535 /* Delegates */,
				E1A8757C2AFCFC65007E3449 /* Data */,
				E1A875752AFC7184007E3449 /* Controllers */,
				E11C41212AFC17FF002E7FF8 /* View */,
				E12334BE2AFBEF8B000D0535 /* Models */,
				E12334A92AFBC268000D0535 /* Assets.xcassets */,
				E12334AB2AFBC268000D0535 /* LaunchScreen.storyboard */,
				E12334AE2AFBC268000D0535 /* Info.plist */,
				E1780F142B0422AB00180CA1 /* GoogleService-Info.plist */,
			);
			path = Messenger;
			sourceTree = "<group>";
		};
		E12334BC2AFBED28000D0535 /* Cells */ = {
			isa = PBXGroup;
			children = (
				E12334B82AFBED1C000D0535 /* MessageTableViewCell.swift */,
				E12334B92AFBED1C000D0535 /* MessageTableViewCell.xib */,
				E12334C32AFC0CA9000D0535 /* StoryCollectionViewCell.swift */,
				E12334C42AFC0CA9000D0535 /* StoryCollectionViewCell.xib */,
				E162EC8C2AFD12E7007CFC44 /* ChatTableViewCell.swift */,
				E162EC8D2AFD12E7007CFC44 /* ChatTableViewCell.xib */,
			);
			path = Cells;
			sourceTree = "<group>";
		};
		E12334BD2AFBED71000D0535 /* Delegates */ = {
			isa = PBXGroup;
			children = (
				E12334A22AFBC266000D0535 /* SceneDelegate.swift */,
				E12334A02AFBC266000D0535 /* AppDelegate.swift */,
			);
			path = Delegates;
			sourceTree = "<group>";
		};
		E12334BE2AFBEF8B000D0535 /* Models */ = {
			isa = PBXGroup;
			children = (
				E12334BF2AFBEF9B000D0535 /* StoryModel.swift */,
				E12334C12AFBEFAC000D0535 /* ChatModel.swift */,
				E162EC902AFD14C4007CFC44 /* MessageModel.swift */,
			);
			path = Models;
			sourceTree = "<group>";
		};
		E1A875752AFC7184007E3449 /* Controllers */ = {
			isa = PBXGroup;
			children = (
				E1D71EA02B0426E400D3E762 /* App */,
			);
			path = Controllers;
			sourceTree = "<group>";
		};
		E1A8757C2AFCFC65007E3449 /* Data */ = {
			isa = PBXGroup;
			children = (
				E1A8757D2AFCFC77007E3449 /* Data.swift */,
			);
			path = Data;
			sourceTree = "<group>";
		};
		E1D71EA02B0426E400D3E762 /* App */ = {
			isa = PBXGroup;
			children = (
				E162EC8A2AFD0304007CFC44 /* ChatViewController.swift */,
				E1A875782AFC71AE007E3449 /* LoginViewController.swift */,
				E1A8757A2AFCFA43007E3449 /* SigninViewController.swift */,
				E12334A42AFBC266000D0535 /* ViewController.swift */,
			);
			path = App;
			sourceTree = "<group>";
		};
		E1D71EA12B04271700D3E762 /* Login */ = {
			isa = PBXGroup;
			children = (
				E1A875762AFC7199007E3449 /* LoginStoryboard.storyboard */,
			);
			path = Login;
			sourceTree = "<group>";
		};
		E1D71EA22B04272400D3E762 /* Chat */ = {
			isa = PBXGroup;
			children = (
				E1A8757F2AFCFFF2007E3449 /* ChatStoryboard.storyboard */,
			);
			path = Chat;
			sourceTree = "<group>";
		};
		E1D71EA32B04276800D3E762 /* Slide */ = {
			isa = PBXGroup;
			children = (
				E1D71EA42B04278F00D3E762 /* SlideCollectionViewCell.swift */,
				E1D71EA52B04278F00D3E762 /* SlideCollectionViewCell.xib */,
			);
			path = Slide;
			sourceTree = "<group>";
		};
/* End PBXGroup section */

/* Begin PBXNativeTarget section */
		E123349C2AFBC266000D0535 /* Messenger */ = {
			isa = PBXNativeTarget;
			buildConfigurationList = E12334B12AFBC268000D0535 /* Build configuration list for PBXNativeTarget "Messenger" */;
			buildPhases = (
				E12334992AFBC266000D0535 /* Sources */,
				E123349A2AFBC266000D0535 /* Frameworks */,
				E123349B2AFBC266000D0535 /* Resources */,
			);
			buildRules = (
			);
			dependencies = (
			);
			name = Messenger;
			packageProductDependencies = (
				E1780F172B04233B00180CA1 /* FirebaseAnalytics */,
				E1780F192B04233B00180CA1 /* FirebaseAnalyticsOnDeviceConversion */,
				E1780F1B2B04233B00180CA1 /* FirebaseAnalyticsSwift */,
				E1780F1D2B04233B00180CA1 /* FirebaseAnalyticsWithoutAdIdSupport */,
				E1780F1F2B04233B00180CA1 /* FirebaseAppCheck */,
			);
			productName = Messenger;
			productReference = E123349D2AFBC266000D0535 /* Messenger.app */;
			productType = "com.apple.product-type.application";
		};
/* End PBXNativeTarget section */

/* Begin PBXProject section */
		E12334952AFBC266000D0535 /* Project object */ = {
			isa = PBXProject;
			attributes = {
				BuildIndependentTargetsInParallel = 1;
				LastSwiftUpdateCheck = 1500;
				LastUpgradeCheck = 1500;
				TargetAttributes = {
					E123349C2AFBC266000D0535 = {
						CreatedOnToolsVersion = 15.0.1;
					};
				};
			};
			buildConfigurationList = E12334982AFBC266000D0535 /* Build configuration list for PBXProject "Messenger" */;
			compatibilityVersion = "Xcode 14.0";
			developmentRegion = en;
			hasScannedForEncodings = 0;
			knownRegions = (
				en,
				Base,
			);
			mainGroup = E12334942AFBC266000D0535;
			packageReferences = (
				E1780F162B04233B00180CA1 /* XCRemoteSwiftPackageReference "firebase-ios-sdk" */,
			);
			productRefGroup = E123349E2AFBC266000D0535 /* Products */;
			projectDirPath = "";
			projectRoot = "";
			targets = (
				E123349C2AFBC266000D0535 /* Messenger */,
			);
		};
/* End PBXProject section */

/* Begin PBXResourcesBuildPhase section */
		E123349B2AFBC266000D0535 /* Resources */ = {
			isa = PBXResourcesBuildPhase;
			buildActionMask = 2147483647;
			files = (
				E12334AD2AFBC268000D0535 /* LaunchScreen.storyboard in Resources */,
				E162EC8F2AFD12E7007CFC44 /* ChatTableViewCell.xib in Resources */,
				E1780F152B0422AB00180CA1 /* GoogleService-Info.plist in Resources */,
				E12334C62AFC0CA9000D0535 /* StoryCollectionViewCell.xib in Resources */,
				E12334BB2AFBED1C000D0535 /* MessageTableViewCell.xib in Resources */,
				E1A875772AFC7199007E3449 /* LoginStoryboard.storyboard in Resources */,
				E1D71EA72B04278F00D3E762 /* SlideCollectionViewCell.xib in Resources */,
				E12334AA2AFBC268000D0535 /* Assets.xcassets in Resources */,
				E12334A82AFBC266000D0535 /* Main.storyboard in Resources */,
				E1A875802AFCFFF2007E3449 /* ChatStoryboard.storyboard in Resources */,
			);
			runOnlyForDeploymentPostprocessing = 0;
		};
/* End PBXResourcesBuildPhase section */

/* Begin PBXSourcesBuildPhase section */
		E12334992AFBC266000D0535 /* Sources */ = {
			isa = PBXSourcesBuildPhase;
			buildActionMask = 2147483647;
			files = (
				E12334A52AFBC266000D0535 /* ViewController.swift in Sources */,
				E1A8757E2AFCFC77007E3449 /* Data.swift in Sources */,
				E162EC8B2AFD0304007CFC44 /* ChatViewController.swift in Sources */,
				E12334A12AFBC266000D0535 /* AppDelegate.swift in Sources */,
				E12334C22AFBEFAC000D0535 /* ChatModel.swift in Sources */,
				E12334BA2AFBED1C000D0535 /* MessageTableViewCell.swift in Sources */,
				E162EC912AFD14C4007CFC44 /* MessageModel.swift in Sources */,
				E1A875792AFC71AE007E3449 /* LoginViewController.swift in Sources */,
				E1D71EA62B04278F00D3E762 /* SlideCollectionViewCell.swift in Sources */,
				E12334A32AFBC266000D0535 /* SceneDelegate.swift in Sources */,
				E12334C52AFC0CA9000D0535 /* StoryCollectionViewCell.swift in Sources */,
				E162EC8E2AFD12E7007CFC44 /* ChatTableViewCell.swift in Sources */,
				E12334C02AFBEF9B000D0535 /* StoryModel.swift in Sources */,
				E1A8757B2AFCFA43007E3449 /* SigninViewController.swift in Sources */,
			);
			runOnlyForDeploymentPostprocessing = 0;
		};
/* End PBXSourcesBuildPhase section */

/* Begin PBXVariantGroup section */
		E12334A62AFBC266000D0535 /* Main.storyboard */ = {
			isa = PBXVariantGroup;
			children = (
				E12334A72AFBC266000D0535 /* Base */,
			);
			name = Main.storyboard;
			sourceTree = "<group>";
		};
		E12334AB2AFBC268000D0535 /* LaunchScreen.storyboard */ = {
			isa = PBXVariantGroup;
			children = (
				E12334AC2AFBC268000D0535 /* Base */,
			);
			name = LaunchScreen.storyboard;
			sourceTree = "<group>";
		};
/* End PBXVariantGroup section */

/* Begin XCBuildConfiguration section */
		E12334AF2AFBC268000D0535 /* Debug */ = {
			isa = XCBuildConfiguration;
			buildSettings = {
				ALWAYS_SEARCH_USER_PATHS = NO;
				ASSETCATALOG_COMPILER_GENERATE_SWIFT_ASSET_SYMBOL_EXTENSIONS = YES;
				CLANG_ANALYZER_NONNULL = YES;
				CLANG_ANALYZER_NUMBER_OBJECT_CONVERSION = YES_AGGRESSIVE;
				CLANG_CXX_LANGUAGE_STANDARD = "gnu++20";
				CLANG_ENABLE_MODULES = YES;
				CLANG_ENABLE_OBJC_ARC = YES;
				CLANG_ENABLE_OBJC_WEAK = YES;
				CLANG_WARN_BLOCK_CAPTURE_AUTORELEASING = YES;
				CLANG_WARN_BOOL_CONVERSION = YES;
				CLANG_WARN_COMMA = YES;
				CLANG_WARN_CONSTANT_CONVERSION = YES;
				CLANG_WARN_DEPRECATED_OBJC_IMPLEMENTATIONS = YES;
				CLANG_WARN_DIRECT_OBJC_ISA_USAGE = YES_ERROR;
				CLANG_WARN_DOCUMENTATION_COMMENTS = YES;
				CLANG_WARN_EMPTY_BODY = YES;
				CLANG_WARN_ENUM_CONVERSION = YES;
				CLANG_WARN_INFINITE_RECURSION = YES;
				CLANG_WARN_INT_CONVERSION = YES;
				CLANG_WARN_NON_LITERAL_NULL_CONVERSION = YES;
				CLANG_WARN_OBJC_IMPLICIT_RETAIN_SELF = YES;
				CLANG_WARN_OBJC_LITERAL_CONVERSION = YES;
				CLANG_WARN_OBJC_ROOT_CLASS = YES_ERROR;
				CLANG_WARN_QUOTED_INCLUDE_IN_FRAMEWORK_HEADER = YES;
				CLANG_WARN_RANGE_LOOP_ANALYSIS = YES;
				CLANG_WARN_STRICT_PROTOTYPES = YES;
				CLANG_WARN_SUSPICIOUS_MOVE = YES;
				CLANG_WARN_UNGUARDED_AVAILABILITY = YES_AGGRESSIVE;
				CLANG_WARN_UNREACHABLE_CODE = YES;
				CLANG_WARN__DUPLICATE_METHOD_MATCH = YES;
				COPY_PHASE_STRIP = NO;
				DEBUG_INFORMATION_FORMAT = dwarf;
				ENABLE_STRICT_OBJC_MSGSEND = YES;
				ENABLE_TESTABILITY = YES;
				ENABLE_USER_SCRIPT_SANDBOXING = YES;
				GCC_C_LANGUAGE_STANDARD = gnu17;
				GCC_DYNAMIC_NO_PIC = NO;
				GCC_NO_COMMON_BLOCKS = YES;
				GCC_OPTIMIZATION_LEVEL = 0;
				GCC_PREPROCESSOR_DEFINITIONS = (
					"DEBUG=1",
					"$(inherited)",
				);
				GCC_WARN_64_TO_32_BIT_CONVERSION = YES;
				GCC_WARN_ABOUT_RETURN_TYPE = YES_ERROR;
				GCC_WARN_UNDECLARED_SELECTOR = YES;
				GCC_WARN_UNINITIALIZED_AUTOS = YES_AGGRESSIVE;
				GCC_WARN_UNUSED_FUNCTION = YES;
				GCC_WARN_UNUSED_VARIABLE = YES;
				IPHONEOS_DEPLOYMENT_TARGET = 17.0;
				LOCALIZATION_PREFERS_STRING_CATALOGS = YES;
				MTL_ENABLE_DEBUG_INFO = INCLUDE_SOURCE;
				MTL_FAST_MATH = YES;
				ONLY_ACTIVE_ARCH = YES;
				SDKROOT = iphoneos;
				SWIFT_ACTIVE_COMPILATION_CONDITIONS = "DEBUG $(inherited)";
				SWIFT_OPTIMIZATION_LEVEL = "-Onone";
			};
			name = Debug;
		};
		E12334B02AFBC268000D0535 /* Release */ = {
			isa = XCBuildConfiguration;
			buildSettings = {
				ALWAYS_SEARCH_USER_PATHS = NO;
				ASSETCATALOG_COMPILER_GENERATE_SWIFT_ASSET_SYMBOL_EXTENSIONS = YES;
				CLANG_ANALYZER_NONNULL = YES;
				CLANG_ANALYZER_NUMBER_OBJECT_CONVERSION = YES_AGGRESSIVE;
				CLANG_CXX_LANGUAGE_STANDARD = "gnu++20";
				CLANG_ENABLE_MODULES = YES;
				CLANG_ENABLE_OBJC_ARC = YES;
				CLANG_ENABLE_OBJC_WEAK = YES;
				CLANG_WARN_BLOCK_CAPTURE_AUTORELEASING = YES;
				CLANG_WARN_BOOL_CONVERSION = YES;
				CLANG_WARN_COMMA = YES;
				CLANG_WARN_CONSTANT_CONVERSION = YES;
				CLANG_WARN_DEPRECATED_OBJC_IMPLEMENTATIONS = YES;
				CLANG_WARN_DIRECT_OBJC_ISA_USAGE = YES_ERROR;
				CLANG_WARN_DOCUMENTATION_COMMENTS = YES;
				CLANG_WARN_EMPTY_BODY = YES;
				CLANG_WARN_ENUM_CONVERSION = YES;
				CLANG_WARN_INFINITE_RECURSION = YES;
				CLANG_WARN_INT_CONVERSION = YES;
				CLANG_WARN_NON_LITERAL_NULL_CONVERSION = YES;
				CLANG_WARN_OBJC_IMPLICIT_RETAIN_SELF = YES;
				CLANG_WARN_OBJC_LITERAL_CONVERSION = YES;
				CLANG_WARN_OBJC_ROOT_CLASS = YES_ERROR;
				CLANG_WARN_QUOTED_INCLUDE_IN_FRAMEWORK_HEADER = YES;
				CLANG_WARN_RANGE_LOOP_ANALYSIS = YES;
				CLANG_WARN_STRICT_PROTOTYPES = YES;
				CLANG_WARN_SUSPICIOUS_MOVE = YES;
				CLANG_WARN_UNGUARDED_AVAILABILITY = YES_AGGRESSIVE;
				CLANG_WARN_UNREACHABLE_CODE = YES;
				CLANG_WARN__DUPLICATE_METHOD_MATCH = YES;
				COPY_PHASE_STRIP = NO;
				DEBUG_INFORMATION_FORMAT = "dwarf-with-dsym";
				ENABLE_NS_ASSERTIONS = NO;
				ENABLE_STRICT_OBJC_MSGSEND = YES;
				ENABLE_USER_SCRIPT_SANDBOXING = YES;
				GCC_C_LANGUAGE_STANDARD = gnu17;
				GCC_NO_COMMON_BLOCKS = YES;
				GCC_WARN_64_TO_32_BIT_CONVERSION = YES;
				GCC_WARN_ABOUT_RETURN_TYPE = YES_ERROR;
				GCC_WARN_UNDECLARED_SELECTOR = YES;
				GCC_WARN_UNINITIALIZED_AUTOS = YES_AGGRESSIVE;
				GCC_WARN_UNUSED_FUNCTION = YES;
				GCC_WARN_UNUSED_VARIABLE = YES;
				IPHONEOS_DEPLOYMENT_TARGET = 17.0;
				LOCALIZATION_PREFERS_STRING_CATALOGS = YES;
				MTL_ENABLE_DEBUG_INFO = NO;
				MTL_FAST_MATH = YES;
				SDKROOT = iphoneos;
				SWIFT_COMPILATION_MODE = wholemodule;
				VALIDATE_PRODUCT = YES;
			};
			name = Release;
		};
		E12334B22AFBC268000D0535 /* Debug */ = {
			isa = XCBuildConfiguration;
			buildSettings = {
				ASSETCATALOG_COMPILER_APPICON_NAME = AppIcon;
				ASSETCATALOG_COMPILER_GLOBAL_ACCENT_COLOR_NAME = AccentColor;
				CODE_SIGN_STYLE = Automatic;
				CURRENT_PROJECT_VERSION = 1;
				DEVELOPMENT_TEAM = 9MJVTS5MSY;
				GENERATE_INFOPLIST_FILE = YES;
				INFOPLIST_FILE = Messenger/Info.plist;
				INFOPLIST_KEY_UIApplicationSupportsIndirectInputEvents = YES;
				INFOPLIST_KEY_UILaunchStoryboardName = LaunchScreen;
				INFOPLIST_KEY_UIMainStoryboardFile = Main;
				INFOPLIST_KEY_UISupportedInterfaceOrientations_iPad = "UIInterfaceOrientationPortrait UIInterfaceOrientationPortraitUpsideDown UIInterfaceOrientationLandscapeLeft UIInterfaceOrientationLandscapeRight";
				INFOPLIST_KEY_UISupportedInterfaceOrientations_iPhone = "UIInterfaceOrientationPortrait UIInterfaceOrientationLandscapeLeft UIInterfaceOrientationLandscapeRight";
				IPHONEOS_DEPLOYMENT_TARGET = 15.0;
				LD_RUNPATH_SEARCH_PATHS = (
					"$(inherited)",
					"@executable_path/Frameworks",
				);
				MARKETING_VERSION = 1.0;
				PRODUCT_BUNDLE_IDENTIFIER = robson.Messenger;
				PRODUCT_NAME = "$(TARGET_NAME)";
				SWIFT_EMIT_LOC_STRINGS = YES;
				SWIFT_VERSION = 5.0;
				TARGETED_DEVICE_FAMILY = "1,2";
			};
			name = Debug;
		};
		E12334B32AFBC268000D0535 /* Release */ = {
			isa = XCBuildConfiguration;
			buildSettings = {
				ASSETCATALOG_COMPILER_APPICON_NAME = AppIcon;
				ASSETCATALOG_COMPILER_GLOBAL_ACCENT_COLOR_NAME = AccentColor;
				CODE_SIGN_STYLE = Automatic;
				CURRENT_PROJECT_VERSION = 1;
				DEVELOPMENT_TEAM = 9MJVTS5MSY;
				GENERATE_INFOPLIST_FILE = YES;
				INFOPLIST_FILE = Messenger/Info.plist;
				INFOPLIST_KEY_UIApplicationSupportsIndirectInputEvents = YES;
				INFOPLIST_KEY_UILaunchStoryboardName = LaunchScreen;
				INFOPLIST_KEY_UIMainStoryboardFile = Main;
				INFOPLIST_KEY_UISupportedInterfaceOrientations_iPad = "UIInterfaceOrientationPortrait UIInterfaceOrientationPortraitUpsideDown UIInterfaceOrientationLandscapeLeft UIInterfaceOrientationLandscapeRight";
				INFOPLIST_KEY_UISupportedInterfaceOrientations_iPhone = "UIInterfaceOrientationPortrait UIInterfaceOrientationLandscapeLeft UIInterfaceOrientationLandscapeRight";
				IPHONEOS_DEPLOYMENT_TARGET = 15.0;
				LD_RUNPATH_SEARCH_PATHS = (
					"$(inherited)",
					"@executable_path/Frameworks",
				);
				MARKETING_VERSION = 1.0;
				PRODUCT_BUNDLE_IDENTIFIER = robson.Messenger;
				PRODUCT_NAME = "$(TARGET_NAME)";
				SWIFT_EMIT_LOC_STRINGS = YES;
				SWIFT_VERSION = 5.0;
				TARGETED_DEVICE_FAMILY = "1,2";
			};
			name = Release;
		};
/* End XCBuildConfiguration section */

/* Begin XCConfigurationList section */
		E12334982AFBC266000D0535 /* Build configuration list for PBXProject "Messenger" */ = {
			isa = XCConfigurationList;
			buildConfigurations = (
				E12334AF2AFBC268000D0535 /* Debug */,
				E12334B02AFBC268000D0535 /* Release */,
			);
			defaultConfigurationIsVisible = 0;
			defaultConfigurationName = Release;
		};
		E12334B12AFBC268000D0535 /* Build configuration list for PBXNativeTarget "Messenger" */ = {
			isa = XCConfigurationList;
			buildConfigurations = (
				E12334B22AFBC268000D0535 /* Debug */,
				E12334B32AFBC268000D0535 /* Release */,
			);
			defaultConfigurationIsVisible = 0;
			defaultConfigurationName = Release;
		};
/* End XCConfigurationList section */

/* Begin XCRemoteSwiftPackageReference section */
		E1780F162B04233B00180CA1 /* XCRemoteSwiftPackageReference "firebase-ios-sdk" */ = {
			isa = XCRemoteSwiftPackageReference;
			repositoryURL = "https://github.com/firebase/firebase-ios-sdk";
			requirement = {
				kind = upToNextMajorVersion;
				minimumVersion = 10.18.0;
			};
		};
/* End XCRemoteSwiftPackageReference section */

/* Begin XCSwiftPackageProductDependency section */
		E1780F172B04233B00180CA1 /* FirebaseAnalytics */ = {
			isa = XCSwiftPackageProductDependency;
			package = E1780F162B04233B00180CA1 /* XCRemoteSwiftPackageReference "firebase-ios-sdk" */;
			productName = FirebaseAnalytics;
		};
		E1780F192B04233B00180CA1 /* FirebaseAnalyticsOnDeviceConversion */ = {
			isa = XCSwiftPackageProductDependency;
			package = E1780F162B04233B00180CA1 /* XCRemoteSwiftPackageReference "firebase-ios-sdk" */;
			productName = FirebaseAnalyticsOnDeviceConversion;
		};
		E1780F1B2B04233B00180CA1 /* FirebaseAnalyticsSwift */ = {
			isa = XCSwiftPackageProductDependency;
			package = E1780F162B04233B00180CA1 /* XCRemoteSwiftPackageReference "firebase-ios-sdk" */;
			productName = FirebaseAnalyticsSwift;
		};
		E1780F1D2B04233B00180CA1 /* FirebaseAnalyticsWithoutAdIdSupport */ = {
			isa = XCSwiftPackageProductDependency;
			package = E1780F162B04233B00180CA1 /* XCRemoteSwiftPackageReference "firebase-ios-sdk" */;
			productName = FirebaseAnalyticsWithoutAdIdSupport;
		};
		E1780F1F2B04233B00180CA1 /* FirebaseAppCheck */ = {
			isa = XCSwiftPackageProductDependency;
			package = E1780F162B04233B00180CA1 /* XCRemoteSwiftPackageReference "firebase-ios-sdk" */;
			productName = FirebaseAppCheck;
		};
/* End XCSwiftPackageProductDependency section */
	};
	rootObject = E12334952AFBC266000D0535 /* Project object */;
}
